// !$*UTF8*$!
{
	archiveVersion = 1;
	classes = {
	};
	objectVersion = 48;
	objects = {

/* Begin PBXBuildFile section */
		8A2DABC7200A5A74001D6431 /* AppDelegate.swift in Sources */ = {isa = PBXBuildFile; fileRef = 8A2DABC6200A5A74001D6431 /* AppDelegate.swift */; };
		8A2DABC9200A5A74001D6431 /* ViewController.swift in Sources */ = {isa = PBXBuildFile; fileRef = 8A2DABC8200A5A74001D6431 /* ViewController.swift */; };
		8A2DABCC200A5A74001D6431 /* Main.storyboard in Resources */ = {isa = PBXBuildFile; fileRef = 8A2DABCA200A5A74001D6431 /* Main.storyboard */; };
		8A2DABCE200A5A74001D6431 /* Assets.xcassets in Resources */ = {isa = PBXBuildFile; fileRef = 8A2DABCD200A5A74001D6431 /* Assets.xcassets */; };
		8A2DABD1200A5A74001D6431 /* LaunchScreen.storyboard in Resources */ = {isa = PBXBuildFile; fileRef = 8A2DABCF200A5A74001D6431 /* LaunchScreen.storyboard */; };
		8A2DABD9200E833C001D6431 /* GuessingGame.swift in Sources */ = {isa = PBXBuildFile; fileRef = 8A2DABD8200E833C001D6431 /* GuessingGame.swift */; };
/* End PBXBuildFile section */

/* Begin PBXFileReference section */
		8A2DABC3200A5A74001D6431 /* Guessing game.app */ = {isa = PBXFileReference; explicitFileType = wrapper.application; includeInIndex = 0; path = "Guessing game.app"; sourceTree = BUILT_PRODUCTS_DIR; };
		8A2DABC6200A5A74001D6431 /* AppDelegate.swift */ = {isa = PBXFileReference; lastKnownFileType = sourcecode.swift; path = AppDelegate.swift; sourceTree = "<group>"; };
		8A2DABC8200A5A74001D6431 /* ViewController.swift */ = {isa = PBXFileReference; lastKnownFileType = sourcecode.swift; path = ViewController.swift; sourceTree = "<group>"; };
		8A2DABCB200A5A74001D6431 /* Base */ = {isa = PBXFileReference; lastKnownFileType = file.storyboard; name = Base; path = Base.lproj/Main.storyboard; sourceTree = "<group>"; };
		8A2DABCD200A5A74001D6431 /* Assets.xcassets */ = {isa = PBXFileReference; lastKnownFileType = folder.assetcatalog; path = Assets.xcassets; sourceTree = "<group>"; };
		8A2DABD0200A5A74001D6431 /* Base */ = {isa = PBXFileReference; lastKnownFileType = file.storyboard; name = Base; path = Base.lproj/LaunchScreen.storyboard; sourceTree = "<group>"; };
		8A2DABD2200A5A74001D6431 /* Info.plist */ = {isa = PBXFileReference; lastKnownFileType = text.plist.xml; path = Info.plist; sourceTree = "<group>"; };
		8A2DABD8200E833C001D6431 /* GuessingGame.swift */ = {isa = PBXFileReference; lastKnownFileType = sourcecode.swift; path = GuessingGame.swift; sourceTree = "<group>"; };
/* End PBXFileReference section */

/* Begin PBXFrameworksBuildPhase section */
		8A2DABC0200A5A74001D6431 /* Frameworks */ = {
			isa = PBXFrameworksBuildPhase;
			buildActionMask = 2147483647;
			files = (
			);
			runOnlyForDeploymentPostprocessing = 0;
		};
/* End PBXFrameworksBuildPhase section */

/* Begin PBXGroup section */
		8A2DABBA200A5A74001D6431 = {
			isa = PBXGroup;
			children = (
				8A2DABC5200A5A74001D6431 /* Guessing game */,
				8A2DABC4200A5A74001D6431 /* Products */,
			);
			sourceTree = "<group>";
		};
		8A2DABC4200A5A74001D6431 /* Products */ = {
			isa = PBXGroup;
			children = (
				8A2DABC3200A5A74001D6431 /* Guessing game.app */,
			);
			name = Products;
			sourceTree = "<group>";
		};
		8A2DABC5200A5A74001D6431 /* Guessing game */ = {
			isa = PBXGroup;
			children = (
				8A2DABC6200A5A74001D6431 /* AppDelegate.swift */,
				8A2DABC8200A5A74001D6431 /* ViewController.swift */,
				8A2DABCA200A5A74001D6431 /* Main.storyboard */,
				8A2DABCD200A5A74001D6431 /* Assets.xcassets */,
				8A2DABCF200A5A74001D6431 /* LaunchScreen.storyboard */,
				8A2DABD2200A5A74001D6431 /* Info.plist */,
				8A2DABD8200E833C001D6431 /* GuessingGame.swift */,
			);
			path = "Guessing game";
			sourceTree = "<group>";
		};
/* End PBXGroup section */

/* Begin PBXNativeTarget section */
		8A2DABC2200A5A74001D6431 /* Guessing game */ = {
			isa = PBXNativeTarget;
			buildConfigurationList = 8A2DABD5200A5A74001D6431 /* Build configuration list for PBXNativeTarget "Guessing game" */;
			buildPhases = (
				8A2DABBF200A5A74001D6431 /* Sources */,
				8A2DABC0200A5A74001D6431 /* Frameworks */,
				8A2DABC1200A5A74001D6431 /* Resources */,
			);
			buildRules = (
			);
			dependencies = (
			);
			name = "Guessing game";
			productName = "Guessing game";
			productReference = 8A2DABC3200A5A74001D6431 /* Guessing game.app */;
			productType = "com.apple.product-type.application";
		};
/* End PBXNativeTarget section */

/* Begin PBXProject section */
		8A2DABBB200A5A74001D6431 /* Project object */ = {
			isa = PBXProject;
			attributes = {
				LastSwiftUpdateCheck = 0920;
				LastUpgradeCheck = 0920;
				ORGANIZATIONNAME = "Ayana Niwa";
				TargetAttributes = {
					8A2DABC2200A5A74001D6431 = {
						CreatedOnToolsVersion = 9.2;
						ProvisioningStyle = Automatic;
					};
				};
			};
			buildConfigurationList = 8A2DABBE200A5A74001D6431 /* Build configuration list for PBXProject "Guessing game" */;
			compatibilityVersion = "Xcode 8.0";
			developmentRegion = en;
			hasScannedForEncodings = 0;
			knownRegions = (
				en,
				Base,
			);
			mainGroup = 8A2DABBA200A5A74001D6431;
			productRefGroup = 8A2DABC4200A5A74001D6431 /* Products */;
			projectDirPath = "";
			projectRoot = "";
			targets = (
				8A2DABC2200A5A74001D6431 /* Guessing game */,
			);
		};
/* End PBXProject section */

/* Begin PBXResourcesBuildPhase section */
		8A2DABC1200A5A74001D6431 /* Resources */ = {
			isa = PBXResourcesBuildPhase;
			buildActionMask = 2147483647;
			files = (
				8A2DABD1200A5A74001D6431 /* LaunchScreen.storyboard in Resources */,
				8A2DABCE200A5A74001D6431 /* Assets.xcassets in Resources */,
				8A2DABCC200A5A74001D6431 /* Main.storyboard in Resources */,
			);
			runOnlyForDeploymentPostprocessing = 0;
		};
/* End PBXResourcesBuildPhase section */

/* Begin PBXSourcesBuildPhase section */
		8A2DABBF200A5A74001D6431 /* Sources */ = {
			isa = PBXSourcesBuildPhase;
			buildActionMask = 2147483647;
			files = (
				8A2DABD9200E833C001D6431 /* GuessingGame.swift in Sources */,
				8A2DABC9200A5A74001D6431 /* ViewController.swift in Sources */,
				8A2DABC7200A5A74001D6431 /* AppDelegate.swift in Sources */,
			);
			runOnlyForDeploymentPostprocessing = 0;
		};
/* End PBXSourcesBuildPhase section */

/* Begin PBXVariantGroup section */
		8A2DABCA200A5A74001D6431 /* Main.storyboard */ = {
			isa = PBXVariantGroup;
			children = (
				8A2DABCB200A5A74001D6431 /* Base */,
			);
			name = Main.storyboard;
			sourceTree = "<group>";
		};
		8A2DABCF200A5A74001D6431 /* LaunchScreen.storyboard */ = {
			isa = PBXVariantGroup;
			children = (
				8A2DABD0200A5A74001D6431 /* Base */,
			);
			name = LaunchScreen.storyboard;
			sourceTree = "<group>";
		};
/* End PBXVariantGroup section */

/* Begin XCBuildConfiguration section */
		8A2DABD3200A5A74001D6431 /* Debug */ = {
			isa = XCBuildConfiguration;
			buildSettings = {
				ALWAYS_SEARCH_USER_PATHS = NO;
				CLANG_ANALYZER_NONNULL = YES;
				CLANG_ANALYZER_NUMBER_OBJECT_CONVERSION = YES_AGGRESSIVE;
				CLANG_CXX_LANGUAGE_STANDARD = "gnu++14";
				CLANG_CXX_LIBRARY = "libc++";
				CLANG_ENABLE_MODULES = YES;
				CLANG_ENABLE_OBJC_ARC = YES;
				CLANG_WARN_BLOCK_CAPTURE_AUTORELEASING = YES;
				CLANG_WARN_BOOL_CONVERSION = YES;
				CLANG_WARN_COMMA = YES;
				CLANG_WARN_CONSTANT_CONVERSION = YES;
				CLANG_WARN_DIRECT_OBJC_ISA_USAGE = YES_ERROR;
				CLANG_WARN_DOCUMENTATION_COMMENTS = YES;
				CLANG_WARN_EMPTY_BODY = YES;
				CLANG_WARN_ENUM_CONVERSION = YES;
				CLANG_WARN_INFINITE_RECURSION = YES;
				CLANG_WARN_INT_CONVERSION = YES;
				CLANG_WARN_NON_LITERAL_NULL_CONVERSION = YES;
				CLANG_WARN_OBJC_LITERAL_CONVERSION = YES;
				CLANG_WARN_OBJC_ROOT_CLASS = YES_ERROR;
				CLANG_WARN_RANGE_LOOP_ANALYSIS = YES;
				CLANG_WARN_STRICT_PROTOTYPES = YES;
				CLANG_WARN_SUSPICIOUS_MOVE = YES;
				CLANG_WARN_UNGUARDED_AVAILABILITY = YES_AGGRESSIVE;
				CLANG_WARN_UNREACHABLE_CODE = YES;
				CLANG_WARN__DUPLICATE_METHOD_MATCH = YES;
				CODE_SIGN_IDENTITY = "iPhone Developer";
				COPY_PHASE_STRIP = NO;
				DEBUG_INFORMATION_FORMAT = dwarf;
				ENABLE_STRICT_OBJC_MSGSEND = YES;
				ENABLE_TESTABILITY = YES;
				GCC_C_LANGUAGE_STANDARD = gnu11;
				GCC_DYNAMIC_NO_PIC = NO;
				GCC_NO_COMMON_BLOCKS = YES;
				GCC_OPTIMIZATION_LEVEL = 0;
				GCC_PREPROCESSOR_DEFINITIONS = (
					"DEBUG=1",
					"$(inherited)",
				);
				GCC_WARN_64_TO_32_BIT_CONVERSION = YES;
				GCC_WARN_ABOUT_RETURN_TYPE = YES_ERROR;
				GCC_WARN_UNDECLARED_SELECTOR = YES;
				GCC_WARN_UNINITIALIZED_AUTOS = YES_AGGRESSIVE;
				GCC_WARN_UNUSED_FUNCTION = YES;
				GCC_WARN_UNUSED_VARIABLE = YES;
				IPHONEOS_DEPLOYMENT_TARGET = 11.2;
				MTL_ENABLE_DEBUG_INFO = YES;
				ONLY_ACTIVE_ARCH = YES;
				SDKROOT = iphoneos;
				SWIFT_ACTIVE_COMPILATION_CONDITIONS = DEBUG;
				SWIFT_OPTIMIZATION_LEVEL = "-Onone";
			};
			name = Debug;
		};
		8A2DABD4200A5A74001D6431 /* Release */ = {
			isa = XCBuildConfiguration;
			buildSettings = {
				ALWAYS_SEARCH_USER_PATHS = NO;
				CLANG_ANALYZER_NONNULL = YES;
				CLANG_ANALYZER_NUMBER_OBJECT_CONVERSION = YES_AGGRESSIVE;
				CLANG_CXX_LANGUAGE_STANDARD = "gnu++14";
				CLANG_CXX_LIBRARY = "libc++";
				CLANG_ENABLE_MODULES = YES;
				CLANG_ENABLE_OBJC_ARC = YES;
				CLANG_WARN_BLOCK_CAPTURE_AUTORELEASING = YES;
				CLANG_WARN_BOOL_CONVERSION = YES;
				CLANG_WARN_COMMA = YES;
				CLANG_WARN_CONSTANT_CONVERSION = YES;
				CLANG_WARN_DIRECT_OBJC_ISA_USAGE = YES_ERROR;
				CLANG_WARN_DOCUMENTATION_COMMENTS = YES;
				CLANG_WARN_EMPTY_BODY = YES;
				CLANG_WARN_ENUM_CONVERSION = YES;
				CLANG_WARN_INFINITE_RECURSION = YES;
				CLANG_WARN_INT_CONVERSION = YES;
				CLANG_WARN_NON_LITERAL_NULL_CONVERSION = YES;
				CLANG_WARN_OBJC_LITERAL_CONVERSION = YES;
				CLANG_WARN_OBJC_ROOT_CLASS = YES_ERROR;
				CLANG_WARN_RANGE_LOOP_ANALYSIS = YES;
				CLANG_WARN_STRICT_PROTOTYPES = YES;
				CLANG_WARN_SUSPICIOUS_MOVE = YES;
				CLANG_WARN_UNGUARDED_AVAILABILITY = YES_AGGRESSIVE;
				CLANG_WARN_UNREACHABLE_CODE = YES;
				CLANG_WARN__DUPLICATE_METHOD_MATCH = YES;
				CODE_SIGN_IDENTITY = "iPhone Developer";
				COPY_PHASE_STRIP = NO;
				DEBUG_INFORMATION_FORMAT = "dwarf-with-dsym";
				ENABLE_NS_ASSERTIONS = NO;
				ENABLE_STRICT_OBJC_MSGSEND = YES;
				GCC_C_LANGUAGE_STANDARD = gnu11;
				GCC_NO_COMMON_BLOCKS = YES;
				GCC_WARN_64_TO_32_BIT_CONVERSION = YES;
				GCC_WARN_ABOUT_RETURN_TYPE = YES_ERROR;
				GCC_WARN_UNDECLARED_SELECTOR = YES;
				GCC_WARN_UNINITIALIZED_AUTOS = YES_AGGRESSIVE;
				GCC_WARN_UNUSED_FUNCTION = YES;
				GCC_WARN_UNUSED_VARIABLE = YES;
				IPHONEOS_DEPLOYMENT_TARGET = 11.2;
				MTL_ENABLE_DEBUG_INFO = NO;
				SDKROOT = iphoneos;
				SWIFT_OPTIMIZATION_LEVEL = "-Owholemodule";
				VALIDATE_PRODUCT = YES;
			};
			name = Release;
		};
		8A2DABD6200A5A74001D6431 /* Debug */ = {
			isa = XCBuildConfiguration;
			buildSettings = {
				ASSETCATALOG_COMPILER_APPICON_NAME = AppIcon;
				CODE_SIGN_STYLE = Automatic;
				INFOPLIST_FILE = "Guessing game/Info.plist";
				LD_RUNPATH_SEARCH_PATHS = "$(inherited) @executable_path/Frameworks";
				PRODUCT_BUNDLE_IDENTIFIER = "ca.on.lcs.ayana.niwa.Guessing-game";
				PRODUCT_NAME = "$(TARGET_NAME)";
				SWIFT_VERSION = 4.0;
				TARGETED_DEVICE_FAMILY = "1,2";
			};
			name = Debug;
		};
		8A2DABD7200A5A74001D6431 /* Release */ = {
			isa = XCBuildConfiguration;
			buildSettings = {
				ASSETCATALOG_COMPILER_APPICON_NAME = AppIcon;
				CODE_SIGN_STYLE = Automatic;
				INFOPLIST_FILE = "Guessing game/Info.plist";
				LD_RUNPATH_SEARCH_PATHS = "$(inherited) @executable_path/Frameworks";
				PRODUCT_BUNDLE_IDENTIFIER = "ca.on.lcs.ayana.niwa.Guessing-game";
				PRODUCT_NAME = "$(TARGET_NAME)";
				SWIFT_VERSION = 4.0;
				TARGETED_DEVICE_FAMILY = "1,2";
			};
			name = Release;
		};
/* End XCBuildConfiguration section */

/* Begin XCConfigurationList section */
		8A2DABBE200A5A74001D6431 /* Build configuration list for PBXProject "Guessing game" */ = {
			isa = XCConfigurationList;
			buildConfigurations = (
				8A2DABD3200A5A74001D6431 /* Debug */,
				8A2DABD4200A5A74001D6431 /* Release */,
			);
			defaultConfigurationIsVisible = 0;
			defaultConfigurationName = Release;
		};
		8A2DABD5200A5A74001D6431 /* Build configuration list for PBXNativeTarget "Guessing game" */ = {
			isa = XCConfigurationList;
			buildConfigurations = (
				8A2DABD6200A5A74001D6431 /* Debug */,
				8A2DABD7200A5A74001D6431 /* Release */,
			);
			defaultConfigurationIsVisible = 0;
			defaultConfigurationName = Release;
		};
/* End XCConfigurationList section */
	};
	rootObject = 8A2DABBB200A5A74001D6431 /* Project object */;
}
